
Microsoft Visual Studio Solution File, Format Version 12.00
# Visual Studio 2012
Project("{FAE04EC0-301F-11D3-BF4B-00C04F79EFBC}") = "TestProject", "TestProject\TestProject.csproj", "{6E998219-5F0D-459F-BFC1-69A5155C3664}"
EndProject
Project("{FAE04EC0-301F-11D3-BF4B-00C04F79EFBC}") = "TestProject.Tests", "TestProject.Tests\TestProject.Tests.csproj", "{8DE1C697-26DD-4FB7-8E98-664426349AF1}"
EndProject
Global
	GlobalSection(SolutionConfigurationPlatforms) = preSolution
		Debug|Any CPU = Debug|Any CPU
		Release|Any CPU = Release|Any CPU
	EndGlobalSection
	GlobalSection(ProjectConfigurationPlatforms) = postSolution
		{6E998219-5F0D-459F-BFC1-69A5155C3664}.Debug|Any CPU.ActiveCfg = Debug|Any CPU
		{6E998219-5F0D-459F-BFC1-69A5155C3664}.Debug|Any CPU.Build.0 = Debug|Any CPU
		{6E998219-5F0D-459F-BFC1-69A5155C3664}.Release|Any CPU.ActiveCfg = Release|Any CPU
		{6E998219-5F0D-459F-BFC1-69A5155C3664}.Release|Any CPU.Build.0 = Release|Any CPU
		{8DE1C697-26DD-4FB7-8E98-664426349AF1}.Debug|Any CPU.ActiveCfg = Debug|Any CPU
		{8DE1C697-26DD-4FB7-8E98-664426349AF1}.Debug|Any CPU.Build.0 = Debug|Any CPU
		{8DE1C697-26DD-4FB7-8E98-664426349AF1}.Release|Any CPU.ActiveCfg = Release|Any CPU
		{8DE1C697-26DD-4FB7-8E98-664426349AF1}.Release|Any CPU.Build.0 = Release|Any CPU
	EndGlobalSection
EndGlobal
